Microsoft Visual Studio Solution File, Format Version 12.00
# Visual Studio Version 16
VisualStudioVersion = 16.0.31624.102
MinimumVisualStudioVersion = 10.0.40219.1
Project("{9A19103F-16F7-4668-BE54-9A1E7A4F7556}") = "OrangularAPI", "OrangularAPI\OrangularAPI.csproj", "{838D8586-69A0-417E-8479-020627ED50FE}"
EndProject
Project("{9A19103F-16F7-4668-BE54-9A1E7A4F7556}") = "OrangularTests", "OrangularTests\OrangularTests.csproj", "{BE6C4F28-D0D8-4E27-98ED-159F018B66EB}"
EndProject
Global
	GlobalSection(SolutionConfigurationPlatforms) = preSolution
		Debug|Any CPU = Debug|Any CPU
		Release|Any CPU = Release|Any CPU
	EndGlobalSection
	GlobalSection(ProjectConfigurationPlatforms) = postSolution
		{838D8586-69A0-417E-8479-020627ED50FE}.Debug|Any CPU.ActiveCfg = Debug|Any CPU
		{838D8586-69A0-417E-8479-020627ED50FE}.Debug|Any CPU.Build.0 = Debug|Any CPU
		{838D8586-69A0-417E-8479-020627ED50FE}.Release|Any CPU.ActiveCfg = Release|Any CPU
		{838D8586-69A0-417E-8479-020627ED50FE}.Release|Any CPU.Build.0 = Release|Any CPU
		{BE6C4F28-D0D8-4E27-98ED-159F018B66EB}.Debug|Any CPU.ActiveCfg = Debug|Any CPU
		{BE6C4F28-D0D8-4E27-98ED-159F018B66EB}.Debug|Any CPU.Build.0 = Debug|Any CPU
		{BE6C4F28-D0D8-4E27-98ED-159F018B66EB}.Release|Any CPU.ActiveCfg = Release|Any CPU
		{BE6C4F28-D0D8-4E27-98ED-159F018B66EB}.Release|Any CPU.Build.0 = Release|Any CPU
	EndGlobalSection
	GlobalSection(SolutionProperties) = preSolution
		HideSolutionNode = FALSE
	EndGlobalSection
	GlobalSection(ExtensibilityGlobals) = postSolution
		SolutionGuid = {3A55A303-4C37-4CCE-832F-7BC8357AE08B}
	EndGlobalSection
EndGlobal
